// !$*UTF8*$!
{
	archiveVersion = 1;
	classes = {
	};
	objectVersion = 50;
	objects = {

/* Begin PBXBuildFile section */
		EB673145230AC485007880CE /* Images.xcassets in Resources */ = {isa = PBXBuildFile; fileRef = EB673144230AC485007880CE /* Images.xcassets */; };
		EB8B790A230AA0C200243AD1 /* AppDelegate.swift in Sources */ = {isa = PBXBuildFile; fileRef = EB8B7909230AA0C200243AD1 /* AppDelegate.swift */; };
		EB8B790F230AA0C200243AD1 /* Main.storyboard in Resources */ = {isa = PBXBuildFile; fileRef = EB8B790D230AA0C200243AD1 /* Main.storyboard */; };
		EB8B7911230AA0C300243AD1 /* Assets.xcassets in Resources */ = {isa = PBXBuildFile; fileRef = EB8B7910230AA0C300243AD1 /* Assets.xcassets */; };
		EB8B7914230AA0C300243AD1 /* LaunchScreen.storyboard in Resources */ = {isa = PBXBuildFile; fileRef = EB8B7912230AA0C300243AD1 /* LaunchScreen.storyboard */; };
		EBAEFC1A230B91230081776F /* PageTitleView.swift in Sources */ = {isa = PBXBuildFile; fileRef = EBAEFC19230B91230081776F /* PageTitleView.swift */; };
		EBAEFC1C230B94990081776F /* Common.swift in Sources */ = {isa = PBXBuildFile; fileRef = EBAEFC1B230B94990081776F /* Common.swift */; };
		EBAEFC1E230BBE4C0081776F /* PageContentView.swift in Sources */ = {isa = PBXBuildFile; fileRef = EBAEFC1D230BBE4C0081776F /* PageContentView.swift */; };
		EBAEFC20230BC26C0081776F /* UIcolor-Extension.swift in Sources */ = {isa = PBXBuildFile; fileRef = EBAEFC1F230BC26C0081776F /* UIcolor-Extension.swift */; };
		EBF8073C230AD7A900E5ED94 /* Home.storyboard in Resources */ = {isa = PBXBuildFile; fileRef = EBF8073B230AD7A900E5ED94 /* Home.storyboard */; };
		EBF8073E230AD7EB00E5ED94 /* Live.storyboard in Resources */ = {isa = PBXBuildFile; fileRef = EBF8073D230AD7EB00E5ED94 /* Live.storyboard */; };
		EBF80741230AD80700E5ED94 /* Follow.storyboard in Resources */ = {isa = PBXBuildFile; fileRef = EBF8073F230AD80700E5ED94 /* Follow.storyboard */; };
		EBF80743230AD82000E5ED94 /* Profile.storyboard in Resources */ = {isa = PBXBuildFile; fileRef = EBF80742230AD82000E5ED94 /* Profile.storyboard */; };
		EBF8074D230ADD3B00E5ED94 /* MainViewController.swift in Sources */ = {isa = PBXBuildFile; fileRef = EBF80749230ADD3B00E5ED94 /* MainViewController.swift */; };
		EBF8075F230ADD8500E5ED94 /* HomeViewController.swift in Sources */ = {isa = PBXBuildFile; fileRef = EBF8075E230ADD8500E5ED94 /* HomeViewController.swift */; };
		EBF80762230AE1C700E5ED94 /* UIbarbuttomItem_extension.swift in Sources */ = {isa = PBXBuildFile; fileRef = EBF80761230AE1C700E5ED94 /* UIbarbuttomItem_extension.swift */; };
/* End PBXBuildFile section */

/* Begin PBXFileReference section */
		EB673144230AC485007880CE /* Images.xcassets */ = {isa = PBXFileReference; lastKnownFileType = folder.assetcatalog; path = Images.xcassets; sourceTree = "<group>"; };
		EB8B7906230AA0C200243AD1 /* DouYuZB.app */ = {isa = PBXFileReference; explicitFileType = wrapper.application; includeInIndex = 0; path = DouYuZB.app; sourceTree = BUILT_PRODUCTS_DIR; };
		EB8B7909230AA0C200243AD1 /* AppDelegate.swift */ = {isa = PBXFileReference; lastKnownFileType = sourcecode.swift; path = AppDelegate.swift; sourceTree = "<group>"; };
		EB8B790E230AA0C200243AD1 /* Base */ = {isa = PBXFileReference; lastKnownFileType = file.storyboard; name = Base; path = Base.lproj/Main.storyboard; sourceTree = "<group>"; };
		EB8B7910230AA0C300243AD1 /* Assets.xcassets */ = {isa = PBXFileReference; lastKnownFileType = folder.assetcatalog; path = Assets.xcassets; sourceTree = "<group>"; };
		EB8B7913230AA0C300243AD1 /* Base */ = {isa = PBXFileReference; lastKnownFileType = file.storyboard; name = Base; path = Base.lproj/LaunchScreen.storyboard; sourceTree = "<group>"; };
		EB8B7915230AA0C300243AD1 /* Info.plist */ = {isa = PBXFileReference; lastKnownFileType = text.plist.xml; path = Info.plist; sourceTree = "<group>"; };
		EBAEFC19230B91230081776F /* PageTitleView.swift */ = {isa = PBXFileReference; lastKnownFileType = sourcecode.swift; path = PageTitleView.swift; sourceTree = "<group>"; };
		EBAEFC1B230B94990081776F /* Common.swift */ = {isa = PBXFileReference; lastKnownFileType = sourcecode.swift; path = Common.swift; sourceTree = "<group>"; };
		EBAEFC1D230BBE4C0081776F /* PageContentView.swift */ = {isa = PBXFileReference; lastKnownFileType = sourcecode.swift; path = PageContentView.swift; sourceTree = "<group>"; };
		EBAEFC1F230BC26C0081776F /* UIcolor-Extension.swift */ = {isa = PBXFileReference; lastKnownFileType = sourcecode.swift; path = "UIcolor-Extension.swift"; sourceTree = "<group>"; };
		EBF8073B230AD7A900E5ED94 /* Home.storyboard */ = {isa = PBXFileReference; fileEncoding = 4; lastKnownFileType = file.storyboard; path = Home.storyboard; sourceTree = "<group>"; };
		EBF8073D230AD7EB00E5ED94 /* Live.storyboard */ = {isa = PBXFileReference; fileEncoding = 4; lastKnownFileType = file.storyboard; path = Live.storyboard; sourceTree = "<group>"; };
		EBF80740230AD80700E5ED94 /* Base */ = {isa = PBXFileReference; lastKnownFileType = file.storyboard; name = Base; path = DouYuZB/Classes/Main/Base.lproj/Follow.storyboard; sourceTree = "<group>"; };
		EBF80742230AD82000E5ED94 /* Profile.storyboard */ = {isa = PBXFileReference; fileEncoding = 4; lastKnownFileType = file.storyboard; path = Profile.storyboard; sourceTree = "<group>"; };
		EBF80749230ADD3B00E5ED94 /* MainViewController.swift */ = {isa = PBXFileReference; fileEncoding = 4; lastKnownFileType = sourcecode.swift; path = MainViewController.swift; sourceTree = "<group>"; };
		EBF8075E230ADD8500E5ED94 /* HomeViewController.swift */ = {isa = PBXFileReference; fileEncoding = 4; lastKnownFileType = sourcecode.swift; path = HomeViewController.swift; sourceTree = "<group>"; };
		EBF80761230AE1C700E5ED94 /* UIbarbuttomItem_extension.swift */ = {isa = PBXFileReference; lastKnownFileType = sourcecode.swift; path = UIbarbuttomItem_extension.swift; sourceTree = "<group>"; };
/* End PBXFileReference section */

/* Begin PBXFrameworksBuildPhase section */
		EB8B7903230AA0C200243AD1 /* Frameworks */ = {
			isa = PBXFrameworksBuildPhase;
			buildActionMask = 2147483647;
			files = (
			);
			runOnlyForDeploymentPostprocessing = 0;
		};
/* End PBXFrameworksBuildPhase section */

/* Begin PBXGroup section */
		EB673146230AC5CE007880CE /* Classes */ = {
			isa = PBXGroup;
			children = (
				EB67314C230AC5CE007880CE /* Main */,
				EB673147230AC5CE007880CE /* Home */,
				EB67314B230AC5CE007880CE /* Live */,
				EB673149230AC5CE007880CE /* Follow */,
				EB67314A230AC5CE007880CE /* Profile */,
				EB673148230AC5CE007880CE /* Tools */,
			);
			path = Classes;
			sourceTree = "<group>";
		};
		EB673147230AC5CE007880CE /* Home */ = {
			isa = PBXGroup;
			children = (
				EBF8073B230AD7A900E5ED94 /* Home.storyboard */,
				EBF8075C230ADD7700E5ED94 /* Controller */,
				EBF8075D230ADD7700E5ED94 /* Model */,
				EBF8075A230ADD7600E5ED94 /* View */,
				EBF8075B230ADD7600E5ED94 /* ViewModel */,
			);
			path = Home;
			sourceTree = "<group>";
		};
		EB673148230AC5CE007880CE /* Tools */ = {
			isa = PBXGroup;
			children = (
				EBF80760230AE16B00E5ED94 /* Extension */,
				EBAEFC1B230B94990081776F /* Common.swift */,
			);
			path = Tools;
			sourceTree = "<group>";
		};
		EB673149230AC5CE007880CE /* Follow */ = {
			isa = PBXGroup;
			children = (
				EBF8073F230AD80700E5ED94 /* Follow.storyboard */,
				EBF80753230ADD5700E5ED94 /* Controller */,
				EBF80752230ADD5700E5ED94 /* Model */,
				EBF80754230ADD5700E5ED94 /* View */,
				EBF80755230ADD5700E5ED94 /* ViewModel */,
			);
			path = Follow;
			sourceTree = "<group>";
		};
		EB67314A230AC5CE007880CE /* Profile */ = {
			isa = PBXGroup;
			children = (
				EBF80742230AD82000E5ED94 /* Profile.storyboard */,
				EBF8074F230ADD5200E5ED94 /* Controller */,
				EBF80751230ADD5200E5ED94 /* Model */,
				EBF8074E230ADD5200E5ED94 /* View */,
				EBF80750230ADD5200E5ED94 /* ViewModel */,
			);
			path = Profile;
			sourceTree = "<group>";
		};
		EB67314B230AC5CE007880CE /* Live */ = {
			isa = PBXGroup;
			children = (
				EBF8073D230AD7EB00E5ED94 /* Live.storyboard */,
				EBF80759230ADD5B00E5ED94 /* Controller */,
				EBF80756230ADD5B00E5ED94 /* Model */,
				EBF80757230ADD5B00E5ED94 /* View */,
				EBF80758230ADD5B00E5ED94 /* ViewModel */,
			);
			path = Live;
			sourceTree = "<group>";
		};
		EB67314C230AC5CE007880CE /* Main */ = {
			isa = PBXGroup;
			children = (
				EB8B790D230AA0C200243AD1 /* Main.storyboard */,
				EBF80748230ADD3B00E5ED94 /* Controller */,
				EBF8074B230ADD3B00E5ED94 /* Model */,
				EBF8074A230ADD3B00E5ED94 /* View */,
				EBF8074C230ADD3B00E5ED94 /* ViewModel */,
			);
			path = Main;
			sourceTree = "<group>";
		};
		EB8B78FD230AA0C200243AD1 = {
			isa = PBXGroup;
			children = (
				EB8B7908230AA0C200243AD1 /* DouYuZB */,
				EB8B7907230AA0C200243AD1 /* Products */,
			);
			sourceTree = "<group>";
		};
		EB8B7907230AA0C200243AD1 /* Products */ = {
			isa = PBXGroup;
			children = (
				EB8B7906230AA0C200243AD1 /* DouYuZB.app */,
			);
			name = Products;
			sourceTree = "<group>";
		};
		EB8B7908230AA0C200243AD1 /* DouYuZB */ = {
			isa = PBXGroup;
			children = (
				EB673146230AC5CE007880CE /* Classes */,
				EB8B7909230AA0C200243AD1 /* AppDelegate.swift */,
				EB8B7910230AA0C300243AD1 /* Assets.xcassets */,
				EB8B7912230AA0C300243AD1 /* LaunchScreen.storyboard */,
				EB8B7915230AA0C300243AD1 /* Info.plist */,
				EB673144230AC485007880CE /* Images.xcassets */,
			);
			path = DouYuZB;
			sourceTree = "<group>";
		};
		EBF80748230ADD3B00E5ED94 /* Controller */ = {
			isa = PBXGroup;
			children = (
				EBF80749230ADD3B00E5ED94 /* MainViewController.swift */,
			);
			path = Controller;
			sourceTree = "<group>";
		};
		EBF8074A230ADD3B00E5ED94 /* View */ = {
			isa = PBXGroup;
			children = (
				EBAEFC19230B91230081776F /* PageTitleView.swift */,
				EBAEFC1D230BBE4C0081776F /* PageContentView.swift */,
			);
			path = View;
			sourceTree = "<group>";
		};
		EBF8074B230ADD3B00E5ED94 /* Model */ = {
			isa = PBXGroup;
			children = (
			);
			path = Model;
			sourceTree = "<group>";
		};
		EBF8074C230ADD3B00E5ED94 /* ViewModel */ = {
			isa = PBXGroup;
			children = (
			);
			path = ViewModel;
			sourceTree = "<group>";
		};
		EBF8074E230ADD5200E5ED94 /* View */ = {
			isa = PBXGroup;
			children = (
			);
			path = View;
			sourceTree = "<group>";
		};
		EBF8074F230ADD5200E5ED94 /* Controller */ = {
			isa = PBXGroup;
			children = (
			);
			path = Controller;
			sourceTree = "<group>";
		};
		EBF80750230ADD5200E5ED94 /* ViewModel */ = {
			isa = PBXGroup;
			children = (
			);
			path = ViewModel;
			sourceTree = "<group>";
		};
		EBF80751230ADD5200E5ED94 /* Model */ = {
			isa = PBXGroup;
			children = (
			);
			path = Model;
			sourceTree = "<group>";
		};
		EBF80752230ADD5700E5ED94 /* Model */ = {
			isa = PBXGroup;
			children = (
			);
			path = Model;
			sourceTree = "<group>";
		};
		EBF80753230ADD5700E5ED94 /* Controller */ = {
			isa = PBXGroup;
			children = (
			);
			path = Controller;
			sourceTree = "<group>";
		};
		EBF80754230ADD5700E5ED94 /* View */ = {
			isa = PBXGroup;
			children = (
			);
			path = View;
			sourceTree = "<group>";
		};
		EBF80755230ADD5700E5ED94 /* ViewModel */ = {
			isa = PBXGroup;
			children = (
			);
			path = ViewModel;
			sourceTree = "<group>";
		};
		EBF80756230ADD5B00E5ED94 /* Model */ = {
			isa = PBXGroup;
			children = (
			);
			path = Model;
			sourceTree = "<group>";
		};
		EBF80757230ADD5B00E5ED94 /* View */ = {
			isa = PBXGroup;
			children = (
			);
			path = View;
			sourceTree = "<group>";
		};
		EBF80758230ADD5B00E5ED94 /* ViewModel */ = {
			isa = PBXGroup;
			children = (
			);
			path = ViewModel;
			sourceTree = "<group>";
		};
		EBF80759230ADD5B00E5ED94 /* Controller */ = {
			isa = PBXGroup;
			children = (
			);
			path = Controller;
			sourceTree = "<group>";
		};
		EBF8075A230ADD7600E5ED94 /* View */ = {
			isa = PBXGroup;
			children = (
			);
			path = View;
			sourceTree = "<group>";
		};
		EBF8075B230ADD7600E5ED94 /* ViewModel */ = {
			isa = PBXGroup;
			children = (
			);
			path = ViewModel;
			sourceTree = "<group>";
		};
		EBF8075C230ADD7700E5ED94 /* Controller */ = {
			isa = PBXGroup;
			children = (
				EBF8075E230ADD8500E5ED94 /* HomeViewController.swift */,
			);
			path = Controller;
			sourceTree = "<group>";
		};
		EBF8075D230ADD7700E5ED94 /* Model */ = {
			isa = PBXGroup;
			children = (
			);
			path = Model;
			sourceTree = "<group>";
		};
		EBF80760230AE16B00E5ED94 /* Extension */ = {
			isa = PBXGroup;
			children = (
				EBF80761230AE1C700E5ED94 /* UIbarbuttomItem_extension.swift */,
				EBAEFC1F230BC26C0081776F /* UIcolor-Extension.swift */,
			);
			path = Extension;
			sourceTree = "<group>";
		};
/* End PBXGroup section */

/* Begin PBXNativeTarget section */
		EB8B7905230AA0C200243AD1 /* DouYuZB */ = {
			isa = PBXNativeTarget;
			buildConfigurationList = EB8B7918230AA0C300243AD1 /* Build configuration list for PBXNativeTarget "DouYuZB" */;
			buildPhases = (
				EB8B7902230AA0C200243AD1 /* Sources */,
				EB8B7903230AA0C200243AD1 /* Frameworks */,
				EB8B7904230AA0C200243AD1 /* Resources */,
			);
			buildRules = (
			);
			dependencies = (
			);
			name = DouYuZB;
			productName = DouYuZB;
			productReference = EB8B7906230AA0C200243AD1 /* DouYuZB.app */;
			productType = "com.apple.product-type.application";
		};
/* End PBXNativeTarget section */

/* Begin PBXProject section */
		EB8B78FE230AA0C200243AD1 /* Project object */ = {
			isa = PBXProject;
			attributes = {
				LastSwiftUpdateCheck = 1030;
				LastUpgradeCheck = 1030;
				ORGANIZATIONNAME = "林雷";
				TargetAttributes = {
					EB8B7905230AA0C200243AD1 = {
						CreatedOnToolsVersion = 10.3;
					};
				};
			};
			buildConfigurationList = EB8B7901230AA0C200243AD1 /* Build configuration list for PBXProject "DouYuZB" */;
			compatibilityVersion = "Xcode 9.3";
			developmentRegion = en;
			hasScannedForEncodings = 0;
			knownRegions = (
				en,
				Base,
			);
			mainGroup = EB8B78FD230AA0C200243AD1;
			productRefGroup = EB8B7907230AA0C200243AD1 /* Products */;
			projectDirPath = "";
			projectRoot = "";
			targets = (
				EB8B7905230AA0C200243AD1 /* DouYuZB */,
			);
		};
/* End PBXProject section */

/* Begin PBXResourcesBuildPhase section */
		EB8B7904230AA0C200243AD1 /* Resources */ = {
			isa = PBXResourcesBuildPhase;
			buildActionMask = 2147483647;
			files = (
				EB8B7914230AA0C300243AD1 /* LaunchScreen.storyboard in Resources */,
				EBF8073C230AD7A900E5ED94 /* Home.storyboard in Resources */,
				EBF80743230AD82000E5ED94 /* Profile.storyboard in Resources */,
				EBF8073E230AD7EB00E5ED94 /* Live.storyboard in Resources */,
				EB673145230AC485007880CE /* Images.xcassets in Resources */,
				EBF80741230AD80700E5ED94 /* Follow.storyboard in Resources */,
				EB8B7911230AA0C300243AD1 /* Assets.xcassets in Resources */,
				EB8B790F230AA0C200243AD1 /* Main.storyboard in Resources */,
			);
			runOnlyForDeploymentPostprocessing = 0;
		};
/* End PBXResourcesBuildPhase section */

/* Begin PBXSourcesBuildPhase section */
		EB8B7902230AA0C200243AD1 /* Sources */ = {
			isa = PBXSourcesBuildPhase;
			buildActionMask = 2147483647;
			files = (
				EBF8074D230ADD3B00E5ED94 /* MainViewController.swift in Sources */,
				EBAEFC20230BC26C0081776F /* UIcolor-Extension.swift in Sources */,
				EB8B790A230AA0C200243AD1 /* AppDelegate.swift in Sources */,
				EBAEFC1A230B91230081776F /* PageTitleView.swift in Sources */,
				EBAEFC1E230BBE4C0081776F /* PageContentView.swift in Sources */,
				EBF8075F230ADD8500E5ED94 /* HomeViewController.swift in Sources */,
				EBAEFC1C230B94990081776F /* Common.swift in Sources */,
				EBF80762230AE1C700E5ED94 /* UIbarbuttomItem_extension.swift in Sources */,
			);
			runOnlyForDeploymentPostprocessing = 0;
		};
/* End PBXSourcesBuildPhase section */

/* Begin PBXVariantGroup section */
		EB8B790D230AA0C200243AD1 /* Main.storyboard */ = {
			isa = PBXVariantGroup;
			children = (
				EB8B790E230AA0C200243AD1 /* Base */,
			);
			name = Main.storyboard;
			sourceTree = "<group>";
		};
		EB8B7912230AA0C300243AD1 /* LaunchScreen.storyboard */ = {
			isa = PBXVariantGroup;
			children = (
				EB8B7913230AA0C300243AD1 /* Base */,
			);
			name = LaunchScreen.storyboard;
			sourceTree = "<group>";
		};
		EBF8073F230AD80700E5ED94 /* Follow.storyboard */ = {
			isa = PBXVariantGroup;
			children = (
				EBF80740230AD80700E5ED94 /* Base */,
			);
			name = Follow.storyboard;
			sourceTree = "<group>";
		};
/* End PBXVariantGroup section */

/* Begin XCBuildConfiguration section */
		EB8B7916230AA0C300243AD1 /* Debug */ = {
			isa = XCBuildConfiguration;
			buildSettings = {
				ALWAYS_SEARCH_USER_PATHS = NO;
				CLANG_ANALYZER_NONNULL = YES;
				CLANG_ANALYZER_NUMBER_OBJECT_CONVERSION = YES_AGGRESSIVE;
				CLANG_CXX_LANGUAGE_STANDARD = "gnu++14";
				CLANG_CXX_LIBRARY = "libc++";
				CLANG_ENABLE_MODULES = YES;
				CLANG_ENABLE_OBJC_ARC = YES;
				CLANG_ENABLE_OBJC_WEAK = YES;
				CLANG_WARN_BLOCK_CAPTURE_AUTORELEASING = YES;
				CLANG_WARN_BOOL_CONVERSION = YES;
				CLANG_WARN_COMMA = YES;
				CLANG_WARN_CONSTANT_CONVERSION = YES;
				CLANG_WARN_DEPRECATED_OBJC_IMPLEMENTATIONS = YES;
				CLANG_WARN_DIRECT_OBJC_ISA_USAGE = YES_ERROR;
				CLANG_WARN_DOCUMENTATION_COMMENTS = YES;
				CLANG_WARN_EMPTY_BODY = YES;
				CLANG_WARN_ENUM_CONVERSION = YES;
				CLANG_WARN_INFINITE_RECURSION = YES;
				CLANG_WARN_INT_CONVERSION = YES;
				CLANG_WARN_NON_LITERAL_NULL_CONVERSION = YES;
				CLANG_WARN_OBJC_IMPLICIT_RETAIN_SELF = YES;
				CLANG_WARN_OBJC_LITERAL_CONVERSION = YES;
				CLANG_WARN_OBJC_ROOT_CLASS = YES_ERROR;
				CLANG_WARN_RANGE_LOOP_ANALYSIS = YES;
				CLANG_WARN_STRICT_PROTOTYPES = YES;
				CLANG_WARN_SUSPICIOUS_MOVE = YES;
				CLANG_WARN_UNGUARDED_AVAILABILITY = YES_AGGRESSIVE;
				CLANG_WARN_UNREACHABLE_CODE = YES;
				CLANG_WARN__DUPLICATE_METHOD_MATCH = YES;
				CODE_SIGN_IDENTITY = "iPhone Developer";
				COPY_PHASE_STRIP = NO;
				DEBUG_INFORMATION_FORMAT = dwarf;
				ENABLE_STRICT_OBJC_MSGSEND = YES;
				ENABLE_TESTABILITY = YES;
				GCC_C_LANGUAGE_STANDARD = gnu11;
				GCC_DYNAMIC_NO_PIC = NO;
				GCC_NO_COMMON_BLOCKS = YES;
				GCC_OPTIMIZATION_LEVEL = 0;
				GCC_PREPROCESSOR_DEFINITIONS = (
					"DEBUG=1",
					"$(inherited)",
				);
				GCC_WARN_64_TO_32_BIT_CONVERSION = YES;
				GCC_WARN_ABOUT_RETURN_TYPE = YES_ERROR;
				GCC_WARN_UNDECLARED_SELECTOR = YES;
				GCC_WARN_UNINITIALIZED_AUTOS = YES_AGGRESSIVE;
				GCC_WARN_UNUSED_FUNCTION = YES;
				GCC_WARN_UNUSED_VARIABLE = YES;
				IPHONEOS_DEPLOYMENT_TARGET = 12.4;
				MTL_ENABLE_DEBUG_INFO = INCLUDE_SOURCE;
				MTL_FAST_MATH = YES;
				ONLY_ACTIVE_ARCH = YES;
				SDKROOT = iphoneos;
				SWIFT_ACTIVE_COMPILATION_CONDITIONS = DEBUG;
				SWIFT_OPTIMIZATION_LEVEL = "-Onone";
			};
			name = Debug;
		};
		EB8B7917230AA0C300243AD1 /* Release */ = {
			isa = XCBuildConfiguration;
			buildSettings = {
				ALWAYS_SEARCH_USER_PATHS = NO;
				CLANG_ANALYZER_NONNULL = YES;
				CLANG_ANALYZER_NUMBER_OBJECT_CONVERSION = YES_AGGRESSIVE;
				CLANG_CXX_LANGUAGE_STANDARD = "gnu++14";
				CLANG_CXX_LIBRARY = "libc++";
				CLANG_ENABLE_MODULES = YES;
				CLANG_ENABLE_OBJC_ARC = YES;
				CLANG_ENABLE_OBJC_WEAK = YES;
				CLANG_WARN_BLOCK_CAPTURE_AUTORELEASING = YES;
				CLANG_WARN_BOOL_CONVERSION = YES;
				CLANG_WARN_COMMA = YES;
				CLANG_WARN_CONSTANT_CONVERSION = YES;
				CLANG_WARN_DEPRECATED_OBJC_IMPLEMENTATIONS = YES;
				CLANG_WARN_DIRECT_OBJC_ISA_USAGE = YES_ERROR;
				CLANG_WARN_DOCUMENTATION_COMMENTS = YES;
				CLANG_WARN_EMPTY_BODY = YES;
				CLANG_WARN_ENUM_CONVERSION = YES;
				CLANG_WARN_INFINITE_RECURSION = YES;
				CLANG_WARN_INT_CONVERSION = YES;
				CLANG_WARN_NON_LITERAL_NULL_CONVERSION = YES;
				CLANG_WARN_OBJC_IMPLICIT_RETAIN_SELF = YES;
				CLANG_WARN_OBJC_LITERAL_CONVERSION = YES;
				CLANG_WARN_OBJC_ROOT_CLASS = YES_ERROR;
				CLANG_WARN_RANGE_LOOP_ANALYSIS = YES;
				CLANG_WARN_STRICT_PROTOTYPES = YES;
				CLANG_WARN_SUSPICIOUS_MOVE = YES;
				CLANG_WARN_UNGUARDED_AVAILABILITY = YES_AGGRESSIVE;
				CLANG_WARN_UNREACHABLE_CODE = YES;
				CLANG_WARN__DUPLICATE_METHOD_MATCH = YES;
				CODE_SIGN_IDENTITY = "iPhone Developer";
				COPY_PHASE_STRIP = NO;
				DEBUG_INFORMATION_FORMAT = "dwarf-with-dsym";
				ENABLE_NS_ASSERTIONS = NO;
				ENABLE_STRICT_OBJC_MSGSEND = YES;
				GCC_C_LANGUAGE_STANDARD = gnu11;
				GCC_NO_COMMON_BLOCKS = YES;
				GCC_WARN_64_TO_32_BIT_CONVERSION = YES;
				GCC_WARN_ABOUT_RETURN_TYPE = YES_ERROR;
				GCC_WARN_UNDECLARED_SELECTOR = YES;
				GCC_WARN_UNINITIALIZED_AUTOS = YES_AGGRESSIVE;
				GCC_WARN_UNUSED_FUNCTION = YES;
				GCC_WARN_UNUSED_VARIABLE = YES;
				IPHONEOS_DEPLOYMENT_TARGET = 12.4;
				MTL_ENABLE_DEBUG_INFO = NO;
				MTL_FAST_MATH = YES;
				SDKROOT = iphoneos;
				SWIFT_COMPILATION_MODE = wholemodule;
				SWIFT_OPTIMIZATION_LEVEL = "-O";
				VALIDATE_PRODUCT = YES;
			};
			name = Release;
		};
		EB8B7919230AA0C300243AD1 /* Debug */ = {
			isa = XCBuildConfiguration;
			buildSettings = {
				ASSETCATALOG_COMPILER_APPICON_NAME = AppIcon;
				ASSETCATALOG_COMPILER_LAUNCHIMAGE_NAME = "Brand Assets";
				CODE_SIGN_STYLE = Automatic;
				DEVELOPMENT_TEAM = BXSPTD39DR;
				INFOPLIST_FILE = DouYuZB/Info.plist;
				IPHONEOS_DEPLOYMENT_TARGET = 8.0;
				LD_RUNPATH_SEARCH_PATHS = (
					"$(inherited)",
					"@executable_path/Frameworks",
				);
				PRODUCT_BUNDLE_IDENTIFIER = com.linlei.DouYuZB;
				PRODUCT_NAME = "$(TARGET_NAME)";
				SWIFT_VERSION = 5.0;
				TARGETED_DEVICE_FAMILY = 1;
			};
			name = Debug;
		};
		EB8B791A230AA0C300243AD1 /* Release */ = {
			isa = XCBuildConfiguration;
			buildSettings = {
				ASSETCATALOG_COMPILER_APPICON_NAME = AppIcon;
				ASSETCATALOG_COMPILER_LAUNCHIMAGE_NAME = "Brand Assets";
				CODE_SIGN_STYLE = Automatic;
				DEVELOPMENT_TEAM = BXSPTD39DR;
				INFOPLIST_FILE = DouYuZB/Info.plist;
				IPHONEOS_DEPLOYMENT_TARGET = 8.0;
				LD_RUNPATH_SEARCH_PATHS = (
					"$(inherited)",
					"@executable_path/Frameworks",
				);
				PRODUCT_BUNDLE_IDENTIFIER = com.linlei.DouYuZB;
				PRODUCT_NAME = "$(TARGET_NAME)";
				SWIFT_VERSION = 5.0;
				TARGETED_DEVICE_FAMILY = 1;
			};
			name = Release;
		};
/* End XCBuildConfiguration section */

/* Begin XCConfigurationList section */
		EB8B7901230AA0C200243AD1 /* Build configuration list for PBXProject "DouYuZB" */ = {
			isa = XCConfigurationList;
			buildConfigurations = (
				EB8B7916230AA0C300243AD1 /* Debug */,
				EB8B7917230AA0C300243AD1 /* Release */,
			);
			defaultConfigurationIsVisible = 0;
			defaultConfigurationName = Release;
		};
		EB8B7918230AA0C300243AD1 /* Build configuration list for PBXNativeTarget "DouYuZB" */ = {
			isa = XCConfigurationList;
			buildConfigurations = (
				EB8B7919230AA0C300243AD1 /* Debug */,
				EB8B791A230AA0C300243AD1 /* Release */,
			);
			defaultConfigurationIsVisible = 0;
			defaultConfigurationName = Release;
		};
/* End XCConfigurationList section */
	};
	rootObject = EB8B78FE230AA0C200243AD1 /* Project object */;
}
